
Microsoft Visual Studio Solution File, Format Version 10.00
# Visual Studio 2008
Project("{8BC9CEB8-8B4A-11D0-8D11-00A0C91BC942}") = "T46ANIM_V2", "T46ANIM_V2.vcproj", "{1C9F9A46-452A-4721-879B-C8D1F7CF728C}"
EndProject
Global
	GlobalSection(SolutionConfigurationPlatforms) = preSolution
		Debug|Win32 = Debug|Win32
		Release|Win32 = Release|Win32
	EndGlobalSection
	GlobalSection(ProjectConfigurationPlatforms) = postSolution
		{1C9F9A46-452A-4721-879B-C8D1F7CF728C}.Debug|Win32.ActiveCfg = Debug|Win32
		{1C9F9A46-452A-4721-879B-C8D1F7CF728C}.Debug|Win32.Build.0 = Debug|Win32
		{1C9F9A46-452A-4721-879B-C8D1F7CF728C}.Release|Win32.ActiveCfg = Release|Win32
		{1C9F9A46-452A-4721-879B-C8D1F7CF728C}.Release|Win32.Build.0 = Release|Win32
	EndGlobalSection
	GlobalSection(SolutionProperties) = preSolution
		HideSolutionNode = FALSE
	EndGlobalSection
EndGlobal
